
Microsoft Visual Studio Solution File, Format Version 11.00
# Visual Studio 2010
Project("{2150E333-8FDC-42A3-9474-1A3956D46DE8}") = "Solution Items", "Solution Items", "{08B3184E-DE19-4F1A-A4CA-E139063BA66E}"
	ProjectSection(SolutionItems) = preProject
		LocalTestRun.testrunconfig = LocalTestRun.testrunconfig
		Voo.University.WSP.vsmdi = Voo.University.WSP.vsmdi
	EndProjectSection
EndProject
Project("{FAE04EC0-301F-11D3-BF4B-00C04F79EFBC}") = "Voo.University.WSP", "Voo.University.WSP\Voo.University.WSP.csproj", "{F5AA25C2-B550-43D5-ABC6-2B4996A69052}"
EndProject
Project("{FAE04EC0-301F-11D3-BF4B-00C04F79EFBC}") = "Voo.University.UI", "Voo.University.UI\Voo.University.UI.csproj", "{28620F5F-1426-48D5-B9BC-722DF64DB314}"
EndProject
Project("{FAE04EC0-301F-11D3-BF4B-00C04F79EFBC}") = "Voo.University.Models", "Voo.University.Models\Voo.University.Models.csproj", "{1C9A24E8-AC48-4752-B4DA-A520C49E2C4D}"
EndProject
Project("{FAE04EC0-301F-11D3-BF4B-00C04F79EFBC}") = "Voo.University.Tests", "Voo.University.Tests\Voo.University.Tests.csproj", "{73FB07D0-4762-40FC-8377-CFCB346DC368}"
EndProject
Project("{FAE04EC0-301F-11D3-BF4B-00C04F79EFBC}") = "Voo.Console", "Voo.Console\Voo.Console.csproj", "{AA531426-58F1-4F13-B609-B25F2285BA58}"
EndProject
Project("{FAE04EC0-301F-11D3-BF4B-00C04F79EFBC}") = "Voo.Migration", "Voo.Migration\Voo.Migration.csproj", "{BA15657C-7AF1-4F3F-A7EC-9427D84F9F87}"
EndProject
Project("{FAE04EC0-301F-11D3-BF4B-00C04F79EFBC}") = "Voo.University.Sharepoint", "Voo.Sharepoint\Voo.University.Sharepoint.csproj", "{8A68CFEC-379A-493A-AF87-FF07B486835C}"
EndProject
Project("{F088123C-0E9E-452A-89E6-6BA2F21D5CAC}") = "ModelingProject1", "ModelingProject1\ModelingProject1.modelproj", "{4F7C661B-BF4D-49E1-88F2-A7B0F1A119BB}"
EndProject
Global
	GlobalSection(TestCaseManagementSettings) = postSolution
		CategoryFile = Voo.University.WSP.vsmdi
	EndGlobalSection
	GlobalSection(SolutionConfigurationPlatforms) = preSolution
		Debug|Any CPU = Debug|Any CPU
		Release|Any CPU = Release|Any CPU
	EndGlobalSection
	GlobalSection(ProjectConfigurationPlatforms) = postSolution
		{F5AA25C2-B550-43D5-ABC6-2B4996A69052}.Debug|Any CPU.ActiveCfg = Debug|Any CPU
		{F5AA25C2-B550-43D5-ABC6-2B4996A69052}.Debug|Any CPU.Build.0 = Debug|Any CPU
		{F5AA25C2-B550-43D5-ABC6-2B4996A69052}.Release|Any CPU.ActiveCfg = Release|Any CPU
		{F5AA25C2-B550-43D5-ABC6-2B4996A69052}.Release|Any CPU.Build.0 = Release|Any CPU
		{28620F5F-1426-48D5-B9BC-722DF64DB314}.Debug|Any CPU.ActiveCfg = Debug|Any CPU
		{28620F5F-1426-48D5-B9BC-722DF64DB314}.Debug|Any CPU.Build.0 = Debug|Any CPU
		{28620F5F-1426-48D5-B9BC-722DF64DB314}.Release|Any CPU.ActiveCfg = Release|Any CPU
		{28620F5F-1426-48D5-B9BC-722DF64DB314}.Release|Any CPU.Build.0 = Release|Any CPU
		{1C9A24E8-AC48-4752-B4DA-A520C49E2C4D}.Debug|Any CPU.ActiveCfg = Debug|Any CPU
		{1C9A24E8-AC48-4752-B4DA-A520C49E2C4D}.Debug|Any CPU.Build.0 = Debug|Any CPU
		{1C9A24E8-AC48-4752-B4DA-A520C49E2C4D}.Release|Any CPU.ActiveCfg = Release|Any CPU
		{1C9A24E8-AC48-4752-B4DA-A520C49E2C4D}.Release|Any CPU.Build.0 = Release|Any CPU
		{73FB07D0-4762-40FC-8377-CFCB346DC368}.Debug|Any CPU.ActiveCfg = Debug|Any CPU
		{73FB07D0-4762-40FC-8377-CFCB346DC368}.Debug|Any CPU.Build.0 = Debug|Any CPU
		{73FB07D0-4762-40FC-8377-CFCB346DC368}.Release|Any CPU.ActiveCfg = Release|Any CPU
		{73FB07D0-4762-40FC-8377-CFCB346DC368}.Release|Any CPU.Build.0 = Release|Any CPU
		{AA531426-58F1-4F13-B609-B25F2285BA58}.Debug|Any CPU.ActiveCfg = Debug|Any CPU
		{AA531426-58F1-4F13-B609-B25F2285BA58}.Debug|Any CPU.Build.0 = Debug|Any CPU
		{AA531426-58F1-4F13-B609-B25F2285BA58}.Release|Any CPU.ActiveCfg = Release|Any CPU
		{AA531426-58F1-4F13-B609-B25F2285BA58}.Release|Any CPU.Build.0 = Release|Any CPU
		{BA15657C-7AF1-4F3F-A7EC-9427D84F9F87}.Debug|Any CPU.ActiveCfg = Debug|Any CPU
		{BA15657C-7AF1-4F3F-A7EC-9427D84F9F87}.Debug|Any CPU.Build.0 = Debug|Any CPU
		{BA15657C-7AF1-4F3F-A7EC-9427D84F9F87}.Release|Any CPU.ActiveCfg = Release|Any CPU
		{BA15657C-7AF1-4F3F-A7EC-9427D84F9F87}.Release|Any CPU.Build.0 = Release|Any CPU
		{8A68CFEC-379A-493A-AF87-FF07B486835C}.Debug|Any CPU.ActiveCfg = Debug|Any CPU
		{8A68CFEC-379A-493A-AF87-FF07B486835C}.Debug|Any CPU.Build.0 = Debug|Any CPU
		{8A68CFEC-379A-493A-AF87-FF07B486835C}.Release|Any CPU.ActiveCfg = Release|Any CPU
		{8A68CFEC-379A-493A-AF87-FF07B486835C}.Release|Any CPU.Build.0 = Release|Any CPU
		{4F7C661B-BF4D-49E1-88F2-A7B0F1A119BB}.Debug|Any CPU.ActiveCfg = Debug|Any CPU
		{4F7C661B-BF4D-49E1-88F2-A7B0F1A119BB}.Debug|Any CPU.Build.0 = Debug|Any CPU
		{4F7C661B-BF4D-49E1-88F2-A7B0F1A119BB}.Release|Any CPU.ActiveCfg = Release|Any CPU
		{4F7C661B-BF4D-49E1-88F2-A7B0F1A119BB}.Release|Any CPU.Build.0 = Release|Any CPU
	EndGlobalSection
	GlobalSection(SolutionProperties) = preSolution
		HideSolutionNode = FALSE
	EndGlobalSection
EndGlobal
